{
  "version": 4,
  "terraform_version": "1.7.3",
  "serial": 6,
  "lineage": "53f84978-a23d-a6c8-1b78-43b2d5df04b2",
  "outputs": {},
  "resources": [
    {
      "mode": "managed",
      "type": "azurerm_app_service_source_control",
      "name": "contact_book_SC",
      "provider": "provider[\"registry.terraform.io/hashicorp/azurerm\"]",
      "instances": [
        {
          "schema_version": 0,
          "attributes": {
            "app_id": "/subscriptions/342feb39-0a08-4ef3-b4d3-e6836cc3169a/resourceGroups/ContactBookRG48349/providers/Microsoft.Web/sites/contact-book-app-48349",
            "branch": "master",
            "github_action_configuration": [],
            "id": "/subscriptions/342feb39-0a08-4ef3-b4d3-e6836cc3169a/resourceGroups/ContactBookRG48349/providers/Microsoft.Web/sites/contact-book-app-48349",
            "repo_url": "https://github.com/nakov/ContactBook",
            "rollback_enabled": false,
            "scm_type": "ExternalGit",
            "timeouts": null,
            "use_local_git": false,
            "use_manual_integration": true,
            "use_mercurial": false,
            "uses_github_action": false
          },
          "sensitive_attributes": [],
          "private": "eyJlMmJmYjczMC1lY2FhLTExZTYtOGY4OC0zNDM2M2JjN2M0YzAiOnsiY3JlYXRlIjoxODAwMDAwMDAwMDAwLCJkZWxldGUiOjE4MDAwMDAwMDAwMDAsInJlYWQiOjMwMDAwMDAwMDAwMH19",
          "dependencies": [
            "azurerm_linux_web_app.contact_book_web_app",
            "azurerm_resource_group.contact_book_RG",
            "azurerm_service_plan.contact_book_service_plan",
            "random_integer.ri"
          ]
        }
      ]
    },
    {
      "mode": "managed",
      "type": "azurerm_linux_web_app",
      "name": "contact_book_web_app",
      "provider": "provider[\"registry.terraform.io/hashicorp/azurerm\"]",
      "instances": [
        {
          "schema_version": 1,
          "attributes": {
            "app_settings": null,
            "auth_settings": [],
            "auth_settings_v2": [],
            "backup": [],
            "client_affinity_enabled": false,
            "client_certificate_enabled": false,
            "client_certificate_exclusion_paths": "",
            "client_certificate_mode": "Required",
            "connection_string": [],
            "custom_domain_verification_id": "1652A7C664EEB355B27CBD1E7DBA37D6FB288E26C7971C551377048A6AEE0023",
            "default_hostname": "contact-book-app-48349.azurewebsites.net",
            "enabled": true,
            "ftp_publish_basic_authentication_enabled": true,
            "hosting_environment_id": "",
            "https_only": false,
            "id": "/subscriptions/342feb39-0a08-4ef3-b4d3-e6836cc3169a/resourceGroups/ContactBookRG48349/providers/Microsoft.Web/sites/contact-book-app-48349",
            "identity": [],
            "key_vault_reference_identity_id": "SystemAssigned",
            "kind": "app,linux",
            "location": "polandcentral",
            "logs": [],
            "name": "contact-book-app-48349",
            "outbound_ip_address_list": [
              "20.215.176.248",
              "20.215.177.84",
              "20.215.177.108",
              "20.215.177.165",
              "20.215.177.176",
              "20.215.177.50",
              "20.215.128.221",
              "20.215.128.249",
              "20.215.130.144",
              "20.215.130.165",
              "20.215.130.193",
              "20.215.130.235",
              "20.215.12.1"
            ],
            "outbound_ip_addresses": "20.215.176.248,20.215.177.84,20.215.177.108,20.215.177.165,20.215.177.176,20.215.177.50,20.215.128.221,20.215.128.249,20.215.130.144,20.215.130.165,20.215.130.193,20.215.130.235,20.215.12.1",
            "possible_outbound_ip_address_list": [
              "20.215.176.248",
              "20.215.177.84",
              "20.215.177.108",
              "20.215.177.165",
              "20.215.177.176",
              "20.215.177.50",
              "20.215.128.221",
              "20.215.128.249",
              "20.215.130.144",
              "20.215.130.165",
              "20.215.130.193",
              "20.215.130.235",
              "20.215.131.4",
              "20.215.128.84",
              "20.215.128.138",
              "20.215.128.172",
              "20.215.130.154",
              "20.215.130.155",
              "20.215.130.159",
              "20.215.130.171",
              "20.215.130.246",
              "20.215.128.137",
              "20.215.131.7",
              "20.215.128.88",
              "20.215.176.248",
              "20.215.177.84",
              "20.215.177.108",
              "20.215.177.165",
              "20.215.177.176",
              "20.215.177.50",
              "20.215.131.24",
              "20.215.128.53",
              "20.215.128.153",
              "20.215.128.155",
              "20.215.128.218",
              "20.215.130.160",
              "20.215.12.1"
            ],
            "possible_outbound_ip_addresses": "20.215.176.248,20.215.177.84,20.215.177.108,20.215.177.165,20.215.177.176,20.215.177.50,20.215.128.221,20.215.128.249,20.215.130.144,20.215.130.165,20.215.130.193,20.215.130.235,20.215.131.4,20.215.128.84,20.215.128.138,20.215.128.172,20.215.130.154,20.215.130.155,20.215.130.159,20.215.130.171,20.215.130.246,20.215.128.137,20.215.131.7,20.215.128.88,20.215.176.248,20.215.177.84,20.215.177.108,20.215.177.165,20.215.177.176,20.215.177.50,20.215.131.24,20.215.128.53,20.215.128.153,20.215.128.155,20.215.128.218,20.215.130.160,20.215.12.1",
            "public_network_access_enabled": true,
            "resource_group_name": "ContactBookRG48349",
            "service_plan_id": "/subscriptions/342feb39-0a08-4ef3-b4d3-e6836cc3169a/resourceGroups/ContactBookRG48349/providers/Microsoft.Web/serverFarms/contact-book_48349",
            "site_config": [
              {
                "always_on": false,
                "api_definition_url": "",
                "api_management_api_id": "",
                "app_command_line": "",
                "application_stack": [
                  {
                    "docker_image": "",
                    "docker_image_name": "",
                    "docker_image_tag": "",
                    "docker_registry_password": "",
                    "docker_registry_url": "",
                    "docker_registry_username": "",
                    "dotnet_version": "",
                    "go_version": "",
                    "java_server": "",
                    "java_server_version": "",
                    "java_version": "",
                    "node_version": "16-lts",
                    "php_version": "",
                    "python_version": "",
                    "ruby_version": ""
                  }
                ],
                "auto_heal_enabled": false,
                "auto_heal_setting": [],
                "container_registry_managed_identity_client_id": "",
                "container_registry_use_managed_identity": false,
                "cors": [],
                "default_documents": [
                  "Default.htm",
                  "Default.html",
                  "Default.asp",
                  "index.htm",
                  "index.html",
                  "iisstart.htm",
                  "default.aspx",
                  "index.php",
                  "hostingstart.html"
                ],
                "detailed_error_logging_enabled": false,
                "ftps_state": "Disabled",
                "health_check_eviction_time_in_min": 0,
                "health_check_path": "",
                "http2_enabled": false,
                "ip_restriction": [],
                "linux_fx_version": "NODE|16-lts",
                "load_balancing_mode": "LeastRequests",
                "local_mysql_enabled": false,
                "managed_pipeline_mode": "Integrated",
                "minimum_tls_version": "1.2",
                "remote_debugging_enabled": false,
                "remote_debugging_version": "VS2019",
                "scm_ip_restriction": [],
                "scm_minimum_tls_version": "1.2",
                "scm_type": "None",
                "scm_use_main_ip_restriction": false,
                "use_32_bit_worker": true,
                "vnet_route_all_enabled": false,
                "websockets_enabled": false,
                "worker_count": 1
              }
            ],
            "site_credential": [
              {
                "name": "$contact-book-app-48349",
                "password": "2j2bSjcZmbRm5LbZvpx1sjpNdcb6wz5hmhmoenYup4fqj108JqNhljYNy5yu"
              }
            ],
            "sticky_settings": [],
            "storage_account": [],
            "tags": null,
            "timeouts": null,
            "virtual_network_subnet_id": "",
            "webdeploy_publish_basic_authentication_enabled": true,
            "zip_deploy_file": ""
          },
          "sensitive_attributes": [],
          "private": "eyJlMmJmYjczMC1lY2FhLTExZTYtOGY4OC0zNDM2M2JjN2M0YzAiOnsiY3JlYXRlIjoxODAwMDAwMDAwMDAwLCJkZWxldGUiOjE4MDAwMDAwMDAwMDAsInJlYWQiOjMwMDAwMDAwMDAwMCwidXBkYXRlIjoxODAwMDAwMDAwMDAwfSwic2NoZW1hX3ZlcnNpb24iOiIxIn0=",
          "dependencies": [
            "azurerm_resource_group.contact_book_RG",
            "azurerm_service_plan.contact_book_service_plan",
            "random_integer.ri"
          ]
        }
      ]
    },
    {
      "mode": "managed",
      "type": "azurerm_resource_group",
      "name": "contact_book_RG",
      "provider": "provider[\"registry.terraform.io/hashicorp/azurerm\"]",
      "instances": [
        {
          "schema_version": 0,
          "attributes": {
            "id": "/subscriptions/342feb39-0a08-4ef3-b4d3-e6836cc3169a/resourceGroups/ContactBookRG48349",
            "location": "polandcentral",
            "managed_by": "",
            "name": "ContactBookRG48349",
            "tags": null,
            "timeouts": null
          },
          "sensitive_attributes": [],
          "private": "eyJlMmJmYjczMC1lY2FhLTExZTYtOGY4OC0zNDM2M2JjN2M0YzAiOnsiY3JlYXRlIjo1NDAwMDAwMDAwMDAwLCJkZWxldGUiOjU0MDAwMDAwMDAwMDAsInJlYWQiOjMwMDAwMDAwMDAwMCwidXBkYXRlIjo1NDAwMDAwMDAwMDAwfX0=",
          "dependencies": [
            "random_integer.ri"
          ]
        }
      ]
    },
    {
      "mode": "managed",
      "type": "azurerm_service_plan",
      "name": "contact_book_service_plan",
      "provider": "provider[\"registry.terraform.io/hashicorp/azurerm\"]",
      "instances": [
        {
          "schema_version": 1,
          "attributes": {
            "app_service_environment_id": "",
            "id": "/subscriptions/342feb39-0a08-4ef3-b4d3-e6836cc3169a/resourceGroups/ContactBookRG48349/providers/Microsoft.Web/serverFarms/contact-book_48349",
            "kind": "linux",
            "location": "polandcentral",
            "maximum_elastic_worker_count": 1,
            "name": "contact-book_48349",
            "os_type": "Linux",
            "per_site_scaling_enabled": false,
            "reserved": true,
            "resource_group_name": "ContactBookRG48349",
            "sku_name": "F1",
            "tags": null,
            "timeouts": null,
            "worker_count": 1,
            "zone_balancing_enabled": false
          },
          "sensitive_attributes": [],
          "private": "eyJlMmJmYjczMC1lY2FhLTExZTYtOGY4OC0zNDM2M2JjN2M0YzAiOnsiY3JlYXRlIjozNjAwMDAwMDAwMDAwLCJkZWxldGUiOjM2MDAwMDAwMDAwMDAsInJlYWQiOjMwMDAwMDAwMDAwMCwidXBkYXRlIjozNjAwMDAwMDAwMDAwfSwic2NoZW1hX3ZlcnNpb24iOiIxIn0=",
          "dependencies": [
            "azurerm_resource_group.contact_book_RG",
            "random_integer.ri"
          ]
        }
      ]
    },
    {
      "mode": "managed",
      "type": "random_integer",
      "name": "ri",
      "provider": "provider[\"registry.terraform.io/hashicorp/random\"]",
      "instances": [
        {
          "schema_version": 0,
          "attributes": {
            "id": "48349",
            "keepers": null,
            "max": 99999,
            "min": 10000,
            "result": 48349,
            "seed": null
          },
          "sensitive_attributes": []
        }
      ]
    }
  ],
  "check_results": null
}
